
Microsoft Visual Studio Solution File, Format Version 12.00
# Visual Studio 2012
Project("{FAE04EC0-301F-11D3-BF4B-00C04F79EFBC}") = "HelloWorld", "HelloWorld\HelloWorld.csproj", "{524ECD7F-933E-4222-BDB1-224BEAAA1620}"
EndProject
Project("{FAE04EC0-301F-11D3-BF4B-00C04F79EFBC}") = "HelloWorldTests", "..\HelloWorldTests\HelloWorldTests.csproj", "{C78FC4E5-62CF-463A-8839-EB2BFC986AAD}"
EndProject
Global
	GlobalSection(SolutionConfigurationPlatforms) = preSolution
		Debug|Any CPU = Debug|Any CPU
		Release|Any CPU = Release|Any CPU
	EndGlobalSection
	GlobalSection(ProjectConfigurationPlatforms) = postSolution
		{524ECD7F-933E-4222-BDB1-224BEAAA1620}.Debug|Any CPU.ActiveCfg = Debug|Any CPU
		{524ECD7F-933E-4222-BDB1-224BEAAA1620}.Debug|Any CPU.Build.0 = Debug|Any CPU
		{524ECD7F-933E-4222-BDB1-224BEAAA1620}.Release|Any CPU.ActiveCfg = Release|Any CPU
		{524ECD7F-933E-4222-BDB1-224BEAAA1620}.Release|Any CPU.Build.0 = Release|Any CPU
		{C78FC4E5-62CF-463A-8839-EB2BFC986AAD}.Debug|Any CPU.ActiveCfg = Debug|Any CPU
		{C78FC4E5-62CF-463A-8839-EB2BFC986AAD}.Debug|Any CPU.Build.0 = Debug|Any CPU
		{C78FC4E5-62CF-463A-8839-EB2BFC986AAD}.Release|Any CPU.ActiveCfg = Release|Any CPU
		{C78FC4E5-62CF-463A-8839-EB2BFC986AAD}.Release|Any CPU.Build.0 = Release|Any CPU
	EndGlobalSection
	GlobalSection(SolutionProperties) = preSolution
		HideSolutionNode = FALSE
	EndGlobalSection
EndGlobal
